
Microsoft Visual Studio Solution File, Format Version 12.00
# Visual Studio Version 17
VisualStudioVersion = 17.13.35919.96 d17.13
MinimumVisualStudioVersion = 10.0.40219.1
Project("{FAE04EC0-301F-11D3-BF4B-00C04F79EFBC}") = "SIMS", "SIMS\SIMS.csproj", "{D7BF15F4-9936-473C-B50E-5B79D5B74D27}"
EndProject
Global
	GlobalSection(SolutionConfigurationPlatforms) = preSolution
		Debug|Any CPU = Debug|Any CPU
		Release|Any CPU = Release|Any CPU
	EndGlobalSection
	GlobalSection(ProjectConfigurationPlatforms) = postSolution
		{D7BF15F4-9936-473C-B50E-5B79D5B74D27}.Debug|Any CPU.ActiveCfg = Debug|Any CPU
		{D7BF15F4-9936-473C-B50E-5B79D5B74D27}.Debug|Any CPU.Build.0 = Debug|Any CPU
		{D7BF15F4-9936-473C-B50E-5B79D5B74D27}.Release|Any CPU.ActiveCfg = Release|Any CPU
		{D7BF15F4-9936-473C-B50E-5B79D5B74D27}.Release|Any CPU.Build.0 = Release|Any CPU
	EndGlobalSection
	GlobalSection(SolutionProperties) = preSolution
		HideSolutionNode = FALSE
	EndGlobalSection
	GlobalSection(ExtensibilityGlobals) = postSolution
		SolutionGuid = {989BB0FC-F662-43E5-A67D-F43C8FED5F25}
	EndGlobalSection
EndGlobal
